PODS:
  - AFNetworking (3.2.1):
    - AFNetworking/NSURLSession (= 3.2.1)
    - AFNetworking/Reachability (= 3.2.1)
    - AFNetworking/Security (= 3.2.1)
    - AFNetworking/Serialization (= 3.2.1)
    - AFNetworking/UIKit (= 3.2.1)
  - AFNetworking/NSURLSession (3.2.1):
    - AFNetworking/Reachability
    - AFNetworking/Security
    - AFNetworking/Serialization
  - AFNetworking/Reachability (3.2.1)
  - AFNetworking/Security (3.2.1)
  - AFNetworking/Serialization (3.2.1)
  - AFNetworking/UIKit (3.2.1):
    - AFNetworking/NSURLSession
  - AvoidCrash (2.5.2)
  - BlocksKit (2.2.5):
    - BlocksKit/All (= 2.2.5)
  - BlocksKit/All (2.2.5):
    - BlocksKit/Core
    - BlocksKit/DynamicDelegate
    - BlocksKit/MessageUI
    - BlocksKit/UIKit
  - BlocksKit/Core (2.2.5)
  - BlocksKit/DynamicDelegate (2.2.5)
  - BlocksKit/MessageUI (2.2.5):
    - BlocksKit/Core
    - BlocksKit/DynamicDelegate
  - BlocksKit/UIKit (2.2.5):
    - BlocksKit/Core
    - BlocksKit/DynamicDelegate
  - Mantle (2.1.1):
    - Mantle/extobjc (= 2.1.1)
  - Mantle/extobjc (2.1.1)
  - Masonry (1.1.0)
  - MJExtension (3.0.15.1)
  - MJRefresh (3.1.15.7)
  - SDWebImage (5.8.0):
    - SDWebImage/Core (= 5.8.0)
  - SDWebImage/Core (5.8.0)
  - SVProgressHUD (2.2.5)
  - UMCAnalytics (6.1.0):
    - UMCCommon
  - UMCCommon (2.1.4)
  - UMCCommonLog (1.0.0)
  - UMCSecurityPlugins (1.0.6)
  - YYKit (1.0.9):
    - YYKit/no-arc (= 1.0.9)
  - YYKit/no-arc (1.0.9)

DEPENDENCIES:
  - AFNetworking (~> 3.2.1)
  - AvoidCrash (= 2.5.2)
  - BlocksKit (~> 2.2.5)
  - Mantle (~> 2.1.0)
  - Masonry (~> 1.1.0)
  - MJExtension (= 3.0.15.1)
  - MJRefresh (~> 3.1.15.7)
  - SDWebImage
  - SVProgressHUD
  - UMCAnalytics
  - UMCCommon
  - UMCCommonLog
  - UMCSecurityPlugins
  - YYKit (~> 1.0.9)

SPEC REPOS:
  https://github.com/cocoapods/specs.git:
    - AFNetworking
    - AvoidCrash
    - BlocksKit
    - Mantle
    - Masonry
    - MJExtension
    - MJRefresh
    - SDWebImage
    - SVProgressHUD
    - UMCAnalytics
    - UMCCommon
    - UMCCommonLog
    - UMCSecurityPlugins
    - YYKit

SPEC CHECKSUMS:
  AFNetworking: b6f891fdfaed196b46c7a83cf209e09697b94057
  AvoidCrash: 28c6916fe19bd2b84126b8dec7cbe61c9a12741d
  BlocksKit: 7f422b971407001178d181a43b99014ea2591fe6
  Mantle: 35238ae6f2e2b2d474fa7b67fee82a59fea71915
  Masonry: 678fab65091a9290e40e2832a55e7ab731aad201
  MJExtension: 19bc33ce2eee2d319760f5622562cf581a6ff756
  MJRefresh: 697f8ec75ebdbe9207767bb682cf0f51b0d8a41f
  SDWebImage: 84000f962cbfa70c07f19d2234cbfcf5d779b5dc
  SVProgressHUD: 1428aafac632c1f86f62aa4243ec12008d7a51d6
  UMCAnalytics: 3503f179f7af932b30af9ac161ac11fb48fa72b6
  UMCCommon: b0703b0053323f598e01670ea702b8eb1e66e611
  UMCCommonLog: 05a2d5de21858e3d870551562cff405c1366d244
  UMCSecurityPlugins: 0831a08f3988f3cea9f1d3a7626cd9bee4fef150
  YYKit: 7cda43304a8dc3696c449041e2cb3107b4e236e7

PODFILE CHECKSUM: 832a98deaab37d7d951a4b65700710c7030b11fb

COCOAPODS: 1.7.5
